# THIS IS AN AUTOGENERATED FILE. DO NOT EDIT THIS FILE DIRECTLY.
# yarn lockfile v1


"@typescript/native-preview-darwin-arm64@7.0.0-dev.20250806.1":
  version "7.0.0-dev.20250806.1"
  resolved "https://registry.yarnpkg.com/@typescript/native-preview-darwin-arm64/-/native-preview-darwin-arm64-7.0.0-dev.20250806.1.tgz#5b5dba6d1bb94660db621ab4fb3f1b8348d7fac5"
  integrity sha512-rRlWJEkaNCJmd5Ph4NQAJK4NMVwhWuycMKeGxRw8Lj68kNymZTVsNi/TDYN3I1InBj7Fg2kwzygessHHzZTb8A==

"@typescript/native-preview-darwin-x64@7.0.0-dev.20250806.1":
  version "7.0.0-dev.20250806.1"
  resolved "https://registry.yarnpkg.com/@typescript/native-preview-darwin-x64/-/native-preview-darwin-x64-7.0.0-dev.20250806.1.tgz#c110394d0997c618a683783158965811de05e3b4"
  integrity sha512-n2RRV0+SHR6QnaTlJoTX6Q4M7T/P0GtWfOGiKa7QUzQFRQQNdZpTv6P2KAB38b/cfCfX7PRb6mhCWK9FMHwB3w==

"@typescript/native-preview-linux-arm64@7.0.0-dev.20250806.1":
  version "7.0.0-dev.20250806.1"
  resolved "https://registry.yarnpkg.com/@typescript/native-preview-linux-arm64/-/native-preview-linux-arm64-7.0.0-dev.20250806.1.tgz#c53aeaff49cc0da23a5f668975ec99560bc66268"
  integrity sha512-fwRhKF3t4OCp4ClfNrXIXwS5G+02AymnmgFGrhvnF0Wg5II8ReVVu9mvazVcfrTN9RtJo4xVofstSF2EbgQ0Sg==

"@typescript/native-preview-linux-arm@7.0.0-dev.20250806.1":
  version "7.0.0-dev.20250806.1"
  resolved "https://registry.yarnpkg.com/@typescript/native-preview-linux-arm/-/native-preview-linux-arm-7.0.0-dev.20250806.1.tgz#a5a23ddc746d8a2302ce321b5f6c07a5f10b528e"
  integrity sha512-uriaW4phv1E6YkGTacGq8YzdZ11F1lgH1kfRjwDpzNB+UDV4ONqihU0mN1y0JRHhlqqhtKhBL6UnSqd4mbu6zA==

"@typescript/native-preview-linux-x64@7.0.0-dev.20250806.1":
  version "7.0.0-dev.20250806.1"
  resolved "https://registry.yarnpkg.com/@typescript/native-preview-linux-x64/-/native-preview-linux-x64-7.0.0-dev.20250806.1.tgz#48769b5f67386bb7c0b36c99cc82bf7ab0c254f7"
  integrity sha512-EJ5/obfzrDse9KYXzZBpwzdpPad7+y/R+atXApAekIdULHLjYZ/5j/tZ9UMEnMWkCmZaFK6JpfHOG1jOGy71nA==

"@typescript/native-preview-win32-arm64@7.0.0-dev.20250806.1":
  version "7.0.0-dev.20250806.1"
  resolved "https://registry.yarnpkg.com/@typescript/native-preview-win32-arm64/-/native-preview-win32-arm64-7.0.0-dev.20250806.1.tgz#cacf9f4e3eb1d1067ec37094be6277b2ee3e2c8d"
  integrity sha512-hHY/4xBsV9SWqb2nAmd9J9FQfsbte5Q4WMB2JVXSbjni0EUdDJmQgdmQ+V7v5teMaaTYhpnRrdsO95jPiR3JAA==

"@typescript/native-preview-win32-x64@7.0.0-dev.20250806.1":
  version "7.0.0-dev.20250806.1"
  resolved "https://registry.yarnpkg.com/@typescript/native-preview-win32-x64/-/native-preview-win32-x64-7.0.0-dev.20250806.1.tgz#06be24aa90daeb04eadce6cd73ad1a123deb2b4f"
  integrity sha512-CFFcMz1CwZPL4TKaR10h/sZuRzGE0kLNfXq1zDDgsL1aO8gcOSDuVKrYDdwYGdedLUCINSort7kyv9nIFUKSqQ==

"@typescript/native-preview@^7.0.0-dev.20250806.1":
  version "7.0.0-dev.20250806.1"
  resolved "https://registry.yarnpkg.com/@typescript/native-preview/-/native-preview-7.0.0-dev.20250806.1.tgz#1983caeb2c1d5f50b6d02eafc9cd1922cb653c4a"
  integrity sha512-dQWOle1t2QJHiGK+ILB5SCz1Q6VfGtkrZybT4FPSaddkskYN1djY6voxza8hd8yl1Yw0PmBmbqk3E4vTKyibig==
  optionalDependencies:
    "@typescript/native-preview-darwin-arm64" "7.0.0-dev.20250806.1"
    "@typescript/native-preview-darwin-x64" "7.0.0-dev.20250806.1"
    "@typescript/native-preview-linux-arm" "7.0.0-dev.20250806.1"
    "@typescript/native-preview-linux-arm64" "7.0.0-dev.20250806.1"
    "@typescript/native-preview-linux-x64" "7.0.0-dev.20250806.1"
    "@typescript/native-preview-win32-arm64" "7.0.0-dev.20250806.1"
    "@typescript/native-preview-win32-x64" "7.0.0-dev.20250806.1"

redux-act@^1.8.0:
  version "1.8.0"
  resolved "https://registry.yarnpkg.com/redux-act/-/redux-act-1.8.0.tgz#5394a9433b36937d1a1da11aca6547d97d10ab00"
  integrity sha512-xW3FIco/VwJGMW3eCD3JGAxyozNC4k35qrWM5lEQf9T2pfv3leDC+3vQ8WdHZjcrol/jjWAeJ+ULqrscuDqlKg==

typescript@^5.9.2:
  version "5.9.2"
  resolved "https://registry.yarnpkg.com/typescript/-/typescript-5.9.2.tgz#d93450cddec5154a2d5cabe3b8102b83316fb2a6"
  integrity sha512-CWBzXQrc/qOkhidw1OzBTQuYRbfyxDXJMVJ1XNwUHGROVmuaeiEm3OslpZ1RV96d7SKKjZKrSJu3+t/xlw3R9A==
