# This file is generated by running "yarn install" inside your project.
# Manual changes might be lost - proceed with caution!

__metadata:
  version: 8
  cacheKey: 10c0

"@typescript/native-preview-darwin-arm64@npm:7.0.0-dev.20251204.1":
  version: 7.0.0-dev.20251204.1
  resolution: "@typescript/native-preview-darwin-arm64@npm:7.0.0-dev.20251204.1"
  conditions: os=darwin & cpu=arm64
  languageName: node
  linkType: hard

"@typescript/native-preview-darwin-x64@npm:7.0.0-dev.20251204.1":
  version: 7.0.0-dev.20251204.1
  resolution: "@typescript/native-preview-darwin-x64@npm:7.0.0-dev.20251204.1"
  conditions: os=darwin & cpu=x64
  languageName: node
  linkType: hard

"@typescript/native-preview-linux-arm64@npm:7.0.0-dev.20251204.1":
  version: 7.0.0-dev.20251204.1
  resolution: "@typescript/native-preview-linux-arm64@npm:7.0.0-dev.20251204.1"
  conditions: os=linux & cpu=arm64
  languageName: node
  linkType: hard

"@typescript/native-preview-linux-arm@npm:7.0.0-dev.20251204.1":
  version: 7.0.0-dev.20251204.1
  resolution: "@typescript/native-preview-linux-arm@npm:7.0.0-dev.20251204.1"
  conditions: os=linux & cpu=arm
  languageName: node
  linkType: hard

"@typescript/native-preview-linux-x64@npm:7.0.0-dev.20251204.1":
  version: 7.0.0-dev.20251204.1
  resolution: "@typescript/native-preview-linux-x64@npm:7.0.0-dev.20251204.1"
  conditions: os=linux & cpu=x64
  languageName: node
  linkType: hard

"@typescript/native-preview-win32-arm64@npm:7.0.0-dev.20251204.1":
  version: 7.0.0-dev.20251204.1
  resolution: "@typescript/native-preview-win32-arm64@npm:7.0.0-dev.20251204.1"
  conditions: os=win32 & cpu=arm64
  languageName: node
  linkType: hard

"@typescript/native-preview-win32-x64@npm:7.0.0-dev.20251204.1":
  version: 7.0.0-dev.20251204.1
  resolution: "@typescript/native-preview-win32-x64@npm:7.0.0-dev.20251204.1"
  conditions: os=win32 & cpu=x64
  languageName: node
  linkType: hard

"@typescript/native-preview@npm:^7.0.0-dev.20251204.1":
  version: 7.0.0-dev.20251204.1
  resolution: "@typescript/native-preview@npm:7.0.0-dev.20251204.1"
  dependencies:
    "@typescript/native-preview-darwin-arm64": "npm:7.0.0-dev.20251204.1"
    "@typescript/native-preview-darwin-x64": "npm:7.0.0-dev.20251204.1"
    "@typescript/native-preview-linux-arm": "npm:7.0.0-dev.20251204.1"
    "@typescript/native-preview-linux-arm64": "npm:7.0.0-dev.20251204.1"
    "@typescript/native-preview-linux-x64": "npm:7.0.0-dev.20251204.1"
    "@typescript/native-preview-win32-arm64": "npm:7.0.0-dev.20251204.1"
    "@typescript/native-preview-win32-x64": "npm:7.0.0-dev.20251204.1"
  dependenciesMeta:
    "@typescript/native-preview-darwin-arm64":
      optional: true
    "@typescript/native-preview-darwin-x64":
      optional: true
    "@typescript/native-preview-linux-arm":
      optional: true
    "@typescript/native-preview-linux-arm64":
      optional: true
    "@typescript/native-preview-linux-x64":
      optional: true
    "@typescript/native-preview-win32-arm64":
      optional: true
    "@typescript/native-preview-win32-x64":
      optional: true
  bin:
    tsgo: bin/tsgo.js
  checksum: 10c0/1df6a2cb25bad8adf0468b5b022359b996c3a7f20ca418433ac909a69c136dd4bba355d28db353a03dd9a51c8acd9887de361abc94bcb01570cea17c2c2068af
  languageName: node
  linkType: hard

"moment@npm:2.29.4":
  version: 2.29.4
  resolution: "moment@npm:2.29.4"
  checksum: 10c0/844c6f3ce42862ac9467c8ca4f5e48a00750078682cc5bda1bc0e50cc7ca88e2115a0f932d65a06e4a90e26cb78892be9b3ca3dd6546ca2c4d994cebb787fc2b
  languageName: node
  linkType: hard

"redeclare-global@workspace:.":
  version: 0.0.0-use.local
  resolution: "redeclare-global@workspace:."
  dependencies:
    "@typescript/native-preview": "npm:^7.0.0-dev.20251204.1"
    moment: "npm:2.29.4"
    typescript: "npm:^5.9.3"
  languageName: unknown
  linkType: soft

"typescript@npm:^5.9.3":
  version: 5.9.3
  resolution: "typescript@npm:5.9.3"
  bin:
    tsc: bin/tsc
    tsserver: bin/tsserver
  checksum: 10c0/6bd7552ce39f97e711db5aa048f6f9995b53f1c52f7d8667c1abdc1700c68a76a308f579cd309ce6b53646deb4e9a1be7c813a93baaf0a28ccd536a30270e1c5
  languageName: node
  linkType: hard

"typescript@patch:typescript@npm%3A^5.9.3#optional!builtin<compat/typescript>":
  version: 5.9.3
  resolution: "typescript@patch:typescript@npm%3A5.9.3#optional!builtin<compat/typescript>::version=5.9.3&hash=5786d5"
  bin:
    tsc: bin/tsc
    tsserver: bin/tsserver
  checksum: 10c0/ad09fdf7a756814dce65bc60c1657b40d44451346858eea230e10f2e95a289d9183b6e32e5c11e95acc0ccc214b4f36289dcad4bf1886b0adb84d711d336a430
  languageName: node
  linkType: hard
